
Microsoft Visual Studio Solution File, Format Version 12.00
# Visual Studio Version 17
VisualStudioVersion = 17.5.002.0
MinimumVisualStudioVersion = 10.0.40219.1
Project("{9A19103F-16F7-4668-BE54-9A1E7A4F7556}") = "MyStoreApi", "MyStoreApi\MyStoreApi.csproj", "{5392BBCA-3AE7-4715-AA95-C804CBADB789}"
EndProject
Project("{FAE04EC0-301F-11D3-BF4B-00C04F79EFBC}") = "MyStore.Domain", "MyStore.Domain\MyStore.Domain.csproj", "{650B621F-A856-4538-8353-88266ED159C0}"
EndProject
Project("{FAE04EC0-301F-11D3-BF4B-00C04F79EFBC}") = "MyStore.Infrastructure", "MyStore.Infrastructure\MyStore.Infrastructure.csproj", "{DB2F8558-7C71-4046-93F7-DFA0836EB186}"
EndProject
Project("{FAE04EC0-301F-11D3-BF4B-00C04F79EFBC}") = "MyStore.Application", "MyStore.Application\MyStore.Application.csproj", "{CE8D81EE-335A-40E2-9341-F1A997936404}"
EndProject
Project("{FAE04EC0-301F-11D3-BF4B-00C04F79EFBC}") = "MyStoreWeb.Server", "MyStoreWeb\MyStoreWeb.Server\MyStoreWeb.Server.csproj", "{0C2F341D-AA08-4DD9-B33B-6C06AD1921A0}"
EndProject
Project("{54A90642-561A-4BB1-A94E-469ADEE60C69}") = "mystoreweb.client", "MyStoreWeb\mystoreweb.client\mystoreweb.client.esproj", "{F1EA125E-1D0C-42DD-8FF3-2AD1843F34B1}"
EndProject
Global
	GlobalSection(SolutionConfigurationPlatforms) = preSolution
		Debug|Any CPU = Debug|Any CPU
		Release|Any CPU = Release|Any CPU
	EndGlobalSection
	GlobalSection(ProjectConfigurationPlatforms) = postSolution
		{5392BBCA-3AE7-4715-AA95-C804CBADB789}.Debug|Any CPU.ActiveCfg = Debug|Any CPU
		{5392BBCA-3AE7-4715-AA95-C804CBADB789}.Debug|Any CPU.Build.0 = Debug|Any CPU
		{5392BBCA-3AE7-4715-AA95-C804CBADB789}.Release|Any CPU.ActiveCfg = Release|Any CPU
		{5392BBCA-3AE7-4715-AA95-C804CBADB789}.Release|Any CPU.Build.0 = Release|Any CPU
		{650B621F-A856-4538-8353-88266ED159C0}.Debug|Any CPU.ActiveCfg = Debug|Any CPU
		{650B621F-A856-4538-8353-88266ED159C0}.Debug|Any CPU.Build.0 = Debug|Any CPU
		{650B621F-A856-4538-8353-88266ED159C0}.Release|Any CPU.ActiveCfg = Release|Any CPU
		{650B621F-A856-4538-8353-88266ED159C0}.Release|Any CPU.Build.0 = Release|Any CPU
		{DB2F8558-7C71-4046-93F7-DFA0836EB186}.Debug|Any CPU.ActiveCfg = Debug|Any CPU
		{DB2F8558-7C71-4046-93F7-DFA0836EB186}.Debug|Any CPU.Build.0 = Debug|Any CPU
		{DB2F8558-7C71-4046-93F7-DFA0836EB186}.Release|Any CPU.ActiveCfg = Release|Any CPU
		{DB2F8558-7C71-4046-93F7-DFA0836EB186}.Release|Any CPU.Build.0 = Release|Any CPU
		{CE8D81EE-335A-40E2-9341-F1A997936404}.Debug|Any CPU.ActiveCfg = Debug|Any CPU
		{CE8D81EE-335A-40E2-9341-F1A997936404}.Debug|Any CPU.Build.0 = Debug|Any CPU
		{CE8D81EE-335A-40E2-9341-F1A997936404}.Release|Any CPU.ActiveCfg = Release|Any CPU
		{CE8D81EE-335A-40E2-9341-F1A997936404}.Release|Any CPU.Build.0 = Release|Any CPU
		{0C2F341D-AA08-4DD9-B33B-6C06AD1921A0}.Debug|Any CPU.ActiveCfg = Debug|Any CPU
		{0C2F341D-AA08-4DD9-B33B-6C06AD1921A0}.Debug|Any CPU.Build.0 = Debug|Any CPU
		{0C2F341D-AA08-4DD9-B33B-6C06AD1921A0}.Release|Any CPU.ActiveCfg = Release|Any CPU
		{0C2F341D-AA08-4DD9-B33B-6C06AD1921A0}.Release|Any CPU.Build.0 = Release|Any CPU
		{F1EA125E-1D0C-42DD-8FF3-2AD1843F34B1}.Debug|Any CPU.ActiveCfg = Debug|Any CPU
		{F1EA125E-1D0C-42DD-8FF3-2AD1843F34B1}.Debug|Any CPU.Build.0 = Debug|Any CPU
		{F1EA125E-1D0C-42DD-8FF3-2AD1843F34B1}.Debug|Any CPU.Deploy.0 = Debug|Any CPU
		{F1EA125E-1D0C-42DD-8FF3-2AD1843F34B1}.Release|Any CPU.ActiveCfg = Release|Any CPU
		{F1EA125E-1D0C-42DD-8FF3-2AD1843F34B1}.Release|Any CPU.Build.0 = Release|Any CPU
		{F1EA125E-1D0C-42DD-8FF3-2AD1843F34B1}.Release|Any CPU.Deploy.0 = Release|Any CPU
	EndGlobalSection
	GlobalSection(SolutionProperties) = preSolution
		HideSolutionNode = FALSE
	EndGlobalSection
	GlobalSection(ExtensibilityGlobals) = postSolution
		SolutionGuid = {CD000E50-1E7B-40C8-86B4-E020CBF431A3}
	EndGlobalSection
EndGlobal
